
Microsoft Visual Studio Solution File, Format Version 12.00
# Visual Studio Version 16
VisualStudioVersion = 16.0.30413.136
MinimumVisualStudioVersion = 15.0.26124.0
Project("{9A19103F-16F7-4668-BE54-9A1E7A4F7556}") = "prosr.Parser", "prosr.Parser\prosr.Parser.csproj", "{26C79ECD-918B-48B7-8CB5-17AF9975A162}"
EndProject
Project("{9A19103F-16F7-4668-BE54-9A1E7A4F7556}") = "BlazorHub.Server", "BlazorHub\Server\BlazorHub.Server.csproj", "{9F3129ED-3196-48D2-98CE-69A88921554B}"
EndProject
Project("{9A19103F-16F7-4668-BE54-9A1E7A4F7556}") = "BlazorHub.Client", "BlazorHub\Client\BlazorHub.Client.csproj", "{16F8D698-D739-41F9-A6E9-54F932AC2449}"
EndProject
Project("{9A19103F-16F7-4668-BE54-9A1E7A4F7556}") = "prosr.Hub", "prosr.Hub\prosr.Hub.csproj", "{4921C91D-AB3A-4E76-A879-0D3601FE529B}"
EndProject
Global
	GlobalSection(SolutionConfigurationPlatforms) = preSolution
		Debug|Any CPU = Debug|Any CPU
		Debug|x64 = Debug|x64
		Debug|x86 = Debug|x86
		Release|Any CPU = Release|Any CPU
		Release|x64 = Release|x64
		Release|x86 = Release|x86
	EndGlobalSection
	GlobalSection(ProjectConfigurationPlatforms) = postSolution
		{26C79ECD-918B-48B7-8CB5-17AF9975A162}.Debug|Any CPU.ActiveCfg = Debug|Any CPU
		{26C79ECD-918B-48B7-8CB5-17AF9975A162}.Debug|Any CPU.Build.0 = Debug|Any CPU
		{26C79ECD-918B-48B7-8CB5-17AF9975A162}.Debug|x64.ActiveCfg = Debug|Any CPU
		{26C79ECD-918B-48B7-8CB5-17AF9975A162}.Debug|x64.Build.0 = Debug|Any CPU
		{26C79ECD-918B-48B7-8CB5-17AF9975A162}.Debug|x86.ActiveCfg = Debug|Any CPU
		{26C79ECD-918B-48B7-8CB5-17AF9975A162}.Debug|x86.Build.0 = Debug|Any CPU
		{26C79ECD-918B-48B7-8CB5-17AF9975A162}.Release|Any CPU.ActiveCfg = Release|Any CPU
		{26C79ECD-918B-48B7-8CB5-17AF9975A162}.Release|Any CPU.Build.0 = Release|Any CPU
		{26C79ECD-918B-48B7-8CB5-17AF9975A162}.Release|x64.ActiveCfg = Release|Any CPU
		{26C79ECD-918B-48B7-8CB5-17AF9975A162}.Release|x64.Build.0 = Release|Any CPU
		{26C79ECD-918B-48B7-8CB5-17AF9975A162}.Release|x86.ActiveCfg = Release|Any CPU
		{26C79ECD-918B-48B7-8CB5-17AF9975A162}.Release|x86.Build.0 = Release|Any CPU
		{9F3129ED-3196-48D2-98CE-69A88921554B}.Debug|Any CPU.ActiveCfg = Debug|Any CPU
		{9F3129ED-3196-48D2-98CE-69A88921554B}.Debug|Any CPU.Build.0 = Debug|Any CPU
		{9F3129ED-3196-48D2-98CE-69A88921554B}.Debug|x64.ActiveCfg = Debug|Any CPU
		{9F3129ED-3196-48D2-98CE-69A88921554B}.Debug|x64.Build.0 = Debug|Any CPU
		{9F3129ED-3196-48D2-98CE-69A88921554B}.Debug|x86.ActiveCfg = Debug|Any CPU
		{9F3129ED-3196-48D2-98CE-69A88921554B}.Debug|x86.Build.0 = Debug|Any CPU
		{9F3129ED-3196-48D2-98CE-69A88921554B}.Release|Any CPU.ActiveCfg = Release|Any CPU
		{9F3129ED-3196-48D2-98CE-69A88921554B}.Release|Any CPU.Build.0 = Release|Any CPU
		{9F3129ED-3196-48D2-98CE-69A88921554B}.Release|x64.ActiveCfg = Release|Any CPU
		{9F3129ED-3196-48D2-98CE-69A88921554B}.Release|x64.Build.0 = Release|Any CPU
		{9F3129ED-3196-48D2-98CE-69A88921554B}.Release|x86.ActiveCfg = Release|Any CPU
		{9F3129ED-3196-48D2-98CE-69A88921554B}.Release|x86.Build.0 = Release|Any CPU
		{16F8D698-D739-41F9-A6E9-54F932AC2449}.Debug|Any CPU.ActiveCfg = Debug|Any CPU
		{16F8D698-D739-41F9-A6E9-54F932AC2449}.Debug|Any CPU.Build.0 = Debug|Any CPU
		{16F8D698-D739-41F9-A6E9-54F932AC2449}.Debug|x64.ActiveCfg = Debug|Any CPU
		{16F8D698-D739-41F9-A6E9-54F932AC2449}.Debug|x64.Build.0 = Debug|Any CPU
		{16F8D698-D739-41F9-A6E9-54F932AC2449}.Debug|x86.ActiveCfg = Debug|Any CPU
		{16F8D698-D739-41F9-A6E9-54F932AC2449}.Debug|x86.Build.0 = Debug|Any CPU
		{16F8D698-D739-41F9-A6E9-54F932AC2449}.Release|Any CPU.ActiveCfg = Release|Any CPU
		{16F8D698-D739-41F9-A6E9-54F932AC2449}.Release|Any CPU.Build.0 = Release|Any CPU
		{16F8D698-D739-41F9-A6E9-54F932AC2449}.Release|x64.ActiveCfg = Release|Any CPU
		{16F8D698-D739-41F9-A6E9-54F932AC2449}.Release|x64.Build.0 = Release|Any CPU
		{16F8D698-D739-41F9-A6E9-54F932AC2449}.Release|x86.ActiveCfg = Release|Any CPU
		{16F8D698-D739-41F9-A6E9-54F932AC2449}.Release|x86.Build.0 = Release|Any CPU
		{4921C91D-AB3A-4E76-A879-0D3601FE529B}.Debug|Any CPU.ActiveCfg = Debug|Any CPU
		{4921C91D-AB3A-4E76-A879-0D3601FE529B}.Debug|Any CPU.Build.0 = Debug|Any CPU
		{4921C91D-AB3A-4E76-A879-0D3601FE529B}.Debug|x64.ActiveCfg = Debug|Any CPU
		{4921C91D-AB3A-4E76-A879-0D3601FE529B}.Debug|x64.Build.0 = Debug|Any CPU
		{4921C91D-AB3A-4E76-A879-0D3601FE529B}.Debug|x86.ActiveCfg = Debug|Any CPU
		{4921C91D-AB3A-4E76-A879-0D3601FE529B}.Debug|x86.Build.0 = Debug|Any CPU
		{4921C91D-AB3A-4E76-A879-0D3601FE529B}.Release|Any CPU.ActiveCfg = Release|Any CPU
		{4921C91D-AB3A-4E76-A879-0D3601FE529B}.Release|Any CPU.Build.0 = Release|Any CPU
		{4921C91D-AB3A-4E76-A879-0D3601FE529B}.Release|x64.ActiveCfg = Release|Any CPU
		{4921C91D-AB3A-4E76-A879-0D3601FE529B}.Release|x64.Build.0 = Release|Any CPU
		{4921C91D-AB3A-4E76-A879-0D3601FE529B}.Release|x86.ActiveCfg = Release|Any CPU
		{4921C91D-AB3A-4E76-A879-0D3601FE529B}.Release|x86.Build.0 = Release|Any CPU
	EndGlobalSection
	GlobalSection(SolutionProperties) = preSolution
		HideSolutionNode = FALSE
	EndGlobalSection
	GlobalSection(ExtensibilityGlobals) = postSolution
		SolutionGuid = {1B899DB8-CA6E-4B06-9F77-0D9DE2064995}
	EndGlobalSection
EndGlobal
